
Microsoft Visual Studio Solution File, Format Version 12.00
# Visual Studio Version 17
VisualStudioVersion = 17.13.35825.156 d17.13
MinimumVisualStudioVersion = 10.0.40219.1
Project("{FAE04EC0-301F-11D3-BF4B-00C04F79EFBC}") = "Лаб 2", "Лаб 2\Лаб 2.csproj", "{C00483A3-2D85-4FBA-B7D3-119DE316FA65}"
EndProject
Global
	GlobalSection(SolutionConfigurationPlatforms) = preSolution
		Debug|Any CPU = Debug|Any CPU
		Release|Any CPU = Release|Any CPU
	EndGlobalSection
	GlobalSection(ProjectConfigurationPlatforms) = postSolution
		{C00483A3-2D85-4FBA-B7D3-119DE316FA65}.Debug|Any CPU.ActiveCfg = Debug|Any CPU
		{C00483A3-2D85-4FBA-B7D3-119DE316FA65}.Debug|Any CPU.Build.0 = Debug|Any CPU
		{C00483A3-2D85-4FBA-B7D3-119DE316FA65}.Release|Any CPU.ActiveCfg = Release|Any CPU
		{C00483A3-2D85-4FBA-B7D3-119DE316FA65}.Release|Any CPU.Build.0 = Release|Any CPU
	EndGlobalSection
	GlobalSection(SolutionProperties) = preSolution
		HideSolutionNode = FALSE
	EndGlobalSection
	GlobalSection(ExtensibilityGlobals) = postSolution
		SolutionGuid = {2D16099F-92FF-4A7B-9BE1-011E30A52C35}
	EndGlobalSection
EndGlobal
