
Microsoft Visual Studio Solution File, Format Version 12.00
# Visual Studio Version 17
VisualStudioVersion = 17.13.35931.197 d17.13
MinimumVisualStudioVersion = 10.0.40219.1
Project("{FAE04EC0-301F-11D3-BF4B-00C04F79EFBC}") = "Лаб 13", "Лаб 13\Лаб 13.csproj", "{C67299CC-2E1B-47B0-9029-23F014F02A77}"
EndProject
Global
	GlobalSection(SolutionConfigurationPlatforms) = preSolution
		Debug|Any CPU = Debug|Any CPU
		Release|Any CPU = Release|Any CPU
	EndGlobalSection
	GlobalSection(ProjectConfigurationPlatforms) = postSolution
		{C67299CC-2E1B-47B0-9029-23F014F02A77}.Debug|Any CPU.ActiveCfg = Debug|Any CPU
		{C67299CC-2E1B-47B0-9029-23F014F02A77}.Debug|Any CPU.Build.0 = Debug|Any CPU
		{C67299CC-2E1B-47B0-9029-23F014F02A77}.Release|Any CPU.ActiveCfg = Release|Any CPU
		{C67299CC-2E1B-47B0-9029-23F014F02A77}.Release|Any CPU.Build.0 = Release|Any CPU
	EndGlobalSection
	GlobalSection(SolutionProperties) = preSolution
		HideSolutionNode = FALSE
	EndGlobalSection
	GlobalSection(ExtensibilityGlobals) = postSolution
		SolutionGuid = {C4327C25-6238-45EC-879B-70F3B1AE4960}
	EndGlobalSection
EndGlobal
